// !$*UTF8*$!
{
	archiveVersion = 1;
	classes = {
	};
	objectVersion = 77;
	objects = {

/* Begin PBXContainerItemProxy section */
		CDC4293E2D93879F00DF5701 /* PBXContainerItemProxy */ = {
			isa = PBXContainerItemProxy;
			containerPortal = CDC4291F2D93879E00DF5701 /* Project object */;
			proxyType = 1;
			remoteGlobalIDString = CDC429262D93879E00DF5701;
			remoteInfo = SampleUIkit;
		};
		CDC429482D93879F00DF5701 /* PBXContainerItemProxy */ = {
			isa = PBXContainerItemProxy;
			containerPortal = CDC4291F2D93879E00DF5701 /* Project object */;
			proxyType = 1;
			remoteGlobalIDString = CDC429262D93879E00DF5701;
			remoteInfo = SampleUIkit;
		};
/* End PBXContainerItemProxy section */

/* Begin PBXFileReference section */
		CDC429272D93879E00DF5701 /* SampleUIkit.app */ = {isa = PBXFileReference; explicitFileType = wrapper.application; includeInIndex = 0; path = SampleUIkit.app; sourceTree = BUILT_PRODUCTS_DIR; };
		CDC4293D2D93879F00DF5701 /* SampleUIkitTests.xctest */ = {isa = PBXFileReference; explicitFileType = wrapper.cfbundle; includeInIndex = 0; path = SampleUIkitTests.xctest; sourceTree = BUILT_PRODUCTS_DIR; };
		CDC429472D93879F00DF5701 /* SampleUIkitUITests.xctest */ = {isa = PBXFileReference; explicitFileType = wrapper.cfbundle; includeInIndex = 0; path = SampleUIkitUITests.xctest; sourceTree = BUILT_PRODUCTS_DIR; };
/* End PBXFileReference section */

/* Begin PBXFileSystemSynchronizedBuildFileExceptionSet section */
		CDC4294F2D93879F00DF5701 /* Exceptions for "SampleUIkit" folder in "SampleUIkit" target */ = {
			isa = PBXFileSystemSynchronizedBuildFileExceptionSet;
			membershipExceptions = (
				Info.plist,
			);
			target = CDC429262D93879E00DF5701 /* SampleUIkit */;
		};
/* End PBXFileSystemSynchronizedBuildFileExceptionSet section */

/* Begin PBXFileSystemSynchronizedRootGroup section */
		CDC429292D93879E00DF5701 /* SampleUIkit */ = {
			isa = PBXFileSystemSynchronizedRootGroup;
			exceptions = (
				CDC4294F2D93879F00DF5701 /* Exceptions for "SampleUIkit" folder in "SampleUIkit" target */,
			);
			path = SampleUIkit;
			sourceTree = "<group>";
		};
		CDC429402D93879F00DF5701 /* SampleUIkitTests */ = {
			isa = PBXFileSystemSynchronizedRootGroup;
			path = SampleUIkitTests;
			sourceTree = "<group>";
		};
		CDC4294A2D93879F00DF5701 /* SampleUIkitUITests */ = {
			isa = PBXFileSystemSynchronizedRootGroup;
			path = SampleUIkitUITests;
			sourceTree = "<group>";
		};
/* End PBXFileSystemSynchronizedRootGroup section */

/* Begin PBXFrameworksBuildPhase section */
		CDC429242D93879E00DF5701 /* Frameworks */ = {
			isa = PBXFrameworksBuildPhase;
			buildActionMask = 2147483647;
			files = (
			);
			runOnlyForDeploymentPostprocessing = 0;
		};
		CDC4293A2D93879F00DF5701 /* Frameworks */ = {
			isa = PBXFrameworksBuildPhase;
			buildActionMask = 2147483647;
			files = (
			);
			runOnlyForDeploymentPostprocessing = 0;
		};
		CDC429442D93879F00DF5701 /* Frameworks */ = {
			isa = PBXFrameworksBuildPhase;
			buildActionMask = 2147483647;
			files = (
			);
			runOnlyForDeploymentPostprocessing = 0;
		};
/* End PBXFrameworksBuildPhase section */

/* Begin PBXGroup section */
		CDC4291E2D93879E00DF5701 = {
			isa = PBXGroup;
			children = (
				CDC429292D93879E00DF5701 /* SampleUIkit */,
				CDC429402D93879F00DF5701 /* SampleUIkitTests */,
				CDC4294A2D93879F00DF5701 /* SampleUIkitUITests */,
				CDC429282D93879E00DF5701 /* Products */,
			);
			sourceTree = "<group>";
		};
		CDC429282D93879E00DF5701 /* Products */ = {
			isa = PBXGroup;
			children = (
				CDC429272D93879E00DF5701 /* SampleUIkit.app */,
				CDC4293D2D93879F00DF5701 /* SampleUIkitTests.xctest */,
				CDC429472D93879F00DF5701 /* SampleUIkitUITests.xctest */,
			);
			name = Products;
			sourceTree = "<group>";
		};
/* End PBXGroup section */

/* Begin PBXNativeTarget section */
		CDC429262D93879E00DF5701 /* SampleUIkit */ = {
			isa = PBXNativeTarget;
			buildConfigurationList = CDC429502D93879F00DF5701 /* Build configuration list for PBXNativeTarget "SampleUIkit" */;
			buildPhases = (
				CDC429232D93879E00DF5701 /* Sources */,
				CDC429242D93879E00DF5701 /* Frameworks */,
				CDC429252D93879E00DF5701 /* Resources */,
			);
			buildRules = (
			);
			dependencies = (
			);
			fileSystemSynchronizedGroups = (
				CDC429292D93879E00DF5701 /* SampleUIkit */,
			);
			name = SampleUIkit;
			packageProductDependencies = (
			);
			productName = SampleUIkit;
			productReference = CDC429272D93879E00DF5701 /* SampleUIkit.app */;
			productType = "com.apple.product-type.application";
		};
		CDC4293C2D93879F00DF5701 /* SampleUIkitTests */ = {
			isa = PBXNativeTarget;
			buildConfigurationList = CDC429552D93879F00DF5701 /* Build configuration list for PBXNativeTarget "SampleUIkitTests" */;
			buildPhases = (
				CDC429392D93879F00DF5701 /* Sources */,
				CDC4293A2D93879F00DF5701 /* Frameworks */,
				CDC4293B2D93879F00DF5701 /* Resources */,
			);
			buildRules = (
			);
			dependencies = (
				CDC4293F2D93879F00DF5701 /* PBXTargetDependency */,
			);
			fileSystemSynchronizedGroups = (
				CDC429402D93879F00DF5701 /* SampleUIkitTests */,
			);
			name = SampleUIkitTests;
			packageProductDependencies = (
			);
			productName = SampleUIkitTests;
			productReference = CDC4293D2D93879F00DF5701 /* SampleUIkitTests.xctest */;
			productType = "com.apple.product-type.bundle.unit-test";
		};
		CDC429462D93879F00DF5701 /* SampleUIkitUITests */ = {
			isa = PBXNativeTarget;
			buildConfigurationList = CDC429582D93879F00DF5701 /* Build configuration list for PBXNativeTarget "SampleUIkitUITests" */;
			buildPhases = (
				CDC429432D93879F00DF5701 /* Sources */,
				CDC429442D93879F00DF5701 /* Frameworks */,
				CDC429452D93879F00DF5701 /* Resources */,
			);
			buildRules = (
			);
			dependencies = (
				CDC429492D93879F00DF5701 /* PBXTargetDependency */,
			);
			fileSystemSynchronizedGroups = (
				CDC4294A2D93879F00DF5701 /* SampleUIkitUITests */,
			);
			name = SampleUIkitUITests;
			packageProductDependencies = (
			);
			productName = SampleUIkitUITests;
			productReference = CDC429472D93879F00DF5701 /* SampleUIkitUITests.xctest */;
			productType = "com.apple.product-type.bundle.ui-testing";
		};
/* End PBXNativeTarget section */

/* Begin PBXProject section */
		CDC4291F2D93879E00DF5701 /* Project object */ = {
			isa = PBXProject;
			attributes = {
				BuildIndependentTargetsInParallel = 1;
				LastSwiftUpdateCheck = 1620;
				LastUpgradeCheck = 1620;
				TargetAttributes = {
					CDC429262D93879E00DF5701 = {
						CreatedOnToolsVersion = 16.2;
					};
					CDC4293C2D93879F00DF5701 = {
						CreatedOnToolsVersion = 16.2;
						TestTargetID = CDC429262D93879E00DF5701;
					};
					CDC429462D93879F00DF5701 = {
						CreatedOnToolsVersion = 16.2;
						TestTargetID = CDC429262D93879E00DF5701;
					};
				};
			};
			buildConfigurationList = CDC429222D93879E00DF5701 /* Build configuration list for PBXProject "SampleUIkit" */;
			developmentRegion = en;
			hasScannedForEncodings = 0;
			knownRegions = (
				en,
				Base,
			);
			mainGroup = CDC4291E2D93879E00DF5701;
			minimizedProjectReferenceProxies = 1;
			preferredProjectObjectVersion = 77;
			productRefGroup = CDC429282D93879E00DF5701 /* Products */;
			projectDirPath = "";
			projectRoot = "";
			targets = (
				CDC429262D93879E00DF5701 /* SampleUIkit */,
				CDC4293C2D93879F00DF5701 /* SampleUIkitTests */,
				CDC429462D93879F00DF5701 /* SampleUIkitUITests */,
			);
		};
/* End PBXProject section */

/* Begin PBXResourcesBuildPhase section */
		CDC429252D93879E00DF5701 /* Resources */ = {
			isa = PBXResourcesBuildPhase;
			buildActionMask = 2147483647;
			files = (
			);
			runOnlyForDeploymentPostprocessing = 0;
		};
		CDC4293B2D93879F00DF5701 /* Resources */ = {
			isa = PBXResourcesBuildPhase;
			buildActionMask = 2147483647;
			files = (
			);
			runOnlyForDeploymentPostprocessing = 0;
		};
		CDC429452D93879F00DF5701 /* Resources */ = {
			isa = PBXResourcesBuildPhase;
			buildActionMask = 2147483647;
			files = (
			);
			runOnlyForDeploymentPostprocessing = 0;
		};
/* End PBXResourcesBuildPhase section */

/* Begin PBXSourcesBuildPhase section */
		CDC429232D93879E00DF5701 /* Sources */ = {
			isa = PBXSourcesBuildPhase;
			buildActionMask = 2147483647;
			files = (
			);
			runOnlyForDeploymentPostprocessing = 0;
		};
		CDC429392D93879F00DF5701 /* Sources */ = {
			isa = PBXSourcesBuildPhase;
			buildActionMask = 2147483647;
			files = (
			);
			runOnlyForDeploymentPostprocessing = 0;
		};
		CDC429432D93879F00DF5701 /* Sources */ = {
			isa = PBXSourcesBuildPhase;
			buildActionMask = 2147483647;
			files = (
			);
			runOnlyForDeploymentPostprocessing = 0;
		};
/* End PBXSourcesBuildPhase section */

/* Begin PBXTargetDependency section */
		CDC4293F2D93879F00DF5701 /* PBXTargetDependency */ = {
			isa = PBXTargetDependency;
			target = CDC429262D93879E00DF5701 /* SampleUIkit */;
			targetProxy = CDC4293E2D93879F00DF5701 /* PBXContainerItemProxy */;
		};
		CDC429492D93879F00DF5701 /* PBXTargetDependency */ = {
			isa = PBXTargetDependency;
			target = CDC429262D93879E00DF5701 /* SampleUIkit */;
			targetProxy = CDC429482D93879F00DF5701 /* PBXContainerItemProxy */;
		};
/* End PBXTargetDependency section */

/* Begin XCBuildConfiguration section */
		CDC429512D93879F00DF5701 /* Debug */ = {
			isa = XCBuildConfiguration;
			buildSettings = {
				ASSETCATALOG_COMPILER_APPICON_NAME = AppIcon;
				ASSETCATALOG_COMPILER_GLOBAL_ACCENT_COLOR_NAME = AccentColor;
				CODE_SIGN_STYLE = Automatic;
				CURRENT_PROJECT_VERSION = 1;
				GENERATE_INFOPLIST_FILE = YES;
				INFOPLIST_FILE = SampleUIkit/Info.plist;
				INFOPLIST_KEY_UIApplicationSupportsIndirectInputEvents = YES;
				INFOPLIST_KEY_UILaunchStoryboardName = LaunchScreen;
				INFOPLIST_KEY_UIMainStoryboardFile = Main;
				INFOPLIST_KEY_UISupportedInterfaceOrientations_iPad = "UIInterfaceOrientationPortrait UIInterfaceOrientationPortraitUpsideDown UIInterfaceOrientationLandscapeLeft UIInterfaceOrientationLandscapeRight";
				INFOPLIST_KEY_UISupportedInterfaceOrientations_iPhone = "UIInterfaceOrientationPortrait UIInterfaceOrientationLandscapeLeft UIInterfaceOrientationLandscapeRight";
				LD_RUNPATH_SEARCH_PATHS = (
					"$(inherited)",
					"@executable_path/Frameworks",
				);
				MARKETING_VERSION = 1.0;
				PRODUCT_BUNDLE_IDENTIFIER = ju0song.SampleUIkit;
				PRODUCT_NAME = "$(TARGET_NAME)";
				SWIFT_EMIT_LOC_STRINGS = YES;
				SWIFT_VERSION = 5.0;
				TARGETED_DEVICE_FAMILY = "1,2";
			};
			name = Debug;
		};
		CDC429522D93879F00DF5701 /* Release */ = {
			isa = XCBuildConfiguration;
			buildSettings = {
				ASSETCATALOG_COMPILER_APPICON_NAME = AppIcon;
				ASSETCATALOG_COMPILER_GLOBAL_ACCENT_COLOR_NAME = AccentColor;
				CODE_SIGN_STYLE = Automatic;
				CURRENT_PROJECT_VERSION = 1;
				GENERATE_INFOPLIST_FILE = YES;
				INFOPLIST_FILE = SampleUIkit/Info.plist;
				INFOPLIST_KEY_UIApplicationSupportsIndirectInputEvents = YES;
				INFOPLIST_KEY_UILaunchStoryboardName = LaunchScreen;
				INFOPLIST_KEY_UIMainStoryboardFile = Main;
				INFOPLIST_KEY_UISupportedInterfaceOrientations_iPad = "UIInterfaceOrientationPortrait UIInterfaceOrientationPortraitUpsideDown UIInterfaceOrientationLandscapeLeft UIInterfaceOrientationLandscapeRight";
				INFOPLIST_KEY_UISupportedInterfaceOrientations_iPhone = "UIInterfaceOrientationPortrait UIInterfaceOrientationLandscapeLeft UIInterfaceOrientationLandscapeRight";
				LD_RUNPATH_SEARCH_PATHS = (
					"$(inherited)",
					"@executable_path/Frameworks",
				);
				MARKETING_VERSION = 1.0;
				PRODUCT_BUNDLE_IDENTIFIER = ju0song.SampleUIkit;
				PRODUCT_NAME = "$(TARGET_NAME)";
				SWIFT_EMIT_LOC_STRINGS = YES;
				SWIFT_VERSION = 5.0;
				TARGETED_DEVICE_FAMILY = "1,2";
			};
			name = Release;
		};
		CDC429532D93879F00DF5701 /* Debug */ = {
			isa = XCBuildConfiguration;
			buildSettings = {
				ALWAYS_SEARCH_USER_PATHS = NO;
				ASSETCATALOG_COMPILER_GENERATE_SWIFT_ASSET_SYMBOL_EXTENSIONS = YES;
				CLANG_ANALYZER_NONNULL = YES;
				CLANG_ANALYZER_NUMBER_OBJECT_CONVERSION = YES_AGGRESSIVE;
				CLANG_CXX_LANGUAGE_STANDARD = "gnu++20";
				CLANG_ENABLE_MODULES = YES;
				CLANG_ENABLE_OBJC_ARC = YES;
				CLANG_ENABLE_OBJC_WEAK = YES;
				CLANG_WARN_BLOCK_CAPTURE_AUTORELEASING = YES;
				CLANG_WARN_BOOL_CONVERSION = YES;
				CLANG_WARN_COMMA = YES;
				CLANG_WARN_CONSTANT_CONVERSION = YES;
				CLANG_WARN_DEPRECATED_OBJC_IMPLEMENTATIONS = YES;
				CLANG_WARN_DIRECT_OBJC_ISA_USAGE = YES_ERROR;
				CLANG_WARN_DOCUMENTATION_COMMENTS = YES;
				CLANG_WARN_EMPTY_BODY = YES;
				CLANG_WARN_ENUM_CONVERSION = YES;
				CLANG_WARN_INFINITE_RECURSION = YES;
				CLANG_WARN_INT_CONVERSION = YES;
				CLANG_WARN_NON_LITERAL_NULL_CONVERSION = YES;
				CLANG_WARN_OBJC_IMPLICIT_RETAIN_SELF = YES;
				CLANG_WARN_OBJC_LITERAL_CONVERSION = YES;
				CLANG_WARN_OBJC_ROOT_CLASS = YES_ERROR;
				CLANG_WARN_QUOTED_INCLUDE_IN_FRAMEWORK_HEADER = YES;
				CLANG_WARN_RANGE_LOOP_ANALYSIS = YES;
				CLANG_WARN_STRICT_PROTOTYPES = YES;
				CLANG_WARN_SUSPICIOUS_MOVE = YES;
				CLANG_WARN_UNGUARDED_AVAILABILITY = YES_AGGRESSIVE;
				CLANG_WARN_UNREACHABLE_CODE = YES;
				CLANG_WARN__DUPLICATE_METHOD_MATCH = YES;
				COPY_PHASE_STRIP = NO;
				DEBUG_INFORMATION_FORMAT = dwarf;
				ENABLE_STRICT_OBJC_MSGSEND = YES;
				ENABLE_TESTABILITY = YES;
				ENABLE_USER_SCRIPT_SANDBOXING = YES;
				GCC_C_LANGUAGE_STANDARD = gnu17;
				GCC_DYNAMIC_NO_PIC = NO;
				GCC_NO_COMMON_BLOCKS = YES;
				GCC_OPTIMIZATION_LEVEL = 0;
				GCC_PREPROCESSOR_DEFINITIONS = (
					"DEBUG=1",
					"$(inherited)",
				);
				GCC_WARN_64_TO_32_BIT_CONVERSION = YES;
				GCC_WARN_ABOUT_RETURN_TYPE = YES_ERROR;
				GCC_WARN_UNDECLARED_SELECTOR = YES;
				GCC_WARN_UNINITIALIZED_AUTOS = YES_AGGRESSIVE;
				GCC_WARN_UNUSED_FUNCTION = YES;
				GCC_WARN_UNUSED_VARIABLE = YES;
				IPHONEOS_DEPLOYMENT_TARGET = 18.2;
				LOCALIZATION_PREFERS_STRING_CATALOGS = YES;
				MTL_ENABLE_DEBUG_INFO = INCLUDE_SOURCE;
				MTL_FAST_MATH = YES;
				ONLY_ACTIVE_ARCH = YES;
				SDKROOT = iphoneos;
				SWIFT_ACTIVE_COMPILATION_CONDITIONS = "DEBUG $(inherited)";
				SWIFT_OPTIMIZATION_LEVEL = "-Onone";
			};
			name = Debug;
		};
		CDC429542D93879F00DF5701 /* Release */ = {
			isa = XCBuildConfiguration;
			buildSettings = {
				ALWAYS_SEARCH_USER_PATHS = NO;
				ASSETCATALOG_COMPILER_GENERATE_SWIFT_ASSET_SYMBOL_EXTENSIONS = YES;
				CLANG_ANALYZER_NONNULL = YES;
				CLANG_ANALYZER_NUMBER_OBJECT_CONVERSION = YES_AGGRESSIVE;
				CLANG_CXX_LANGUAGE_STANDARD = "gnu++20";
				CLANG_ENABLE_MODULES = YES;
				CLANG_ENABLE_OBJC_ARC = YES;
				CLANG_ENABLE_OBJC_WEAK = YES;
				CLANG_WARN_BLOCK_CAPTURE_AUTORELEASING = YES;
				CLANG_WARN_BOOL_CONVERSION = YES;
				CLANG_WARN_COMMA = YES;
				CLANG_WARN_CONSTANT_CONVERSION = YES;
				CLANG_WARN_DEPRECATED_OBJC_IMPLEMENTATIONS = YES;
				CLANG_WARN_DIRECT_OBJC_ISA_USAGE = YES_ERROR;
				CLANG_WARN_DOCUMENTATION_COMMENTS = YES;
				CLANG_WARN_EMPTY_BODY = YES;
				CLANG_WARN_ENUM_CONVERSION = YES;
				CLANG_WARN_INFINITE_RECURSION = YES;
				CLANG_WARN_INT_CONVERSION = YES;
				CLANG_WARN_NON_LITERAL_NULL_CONVERSION = YES;
				CLANG_WARN_OBJC_IMPLICIT_RETAIN_SELF = YES;
				CLANG_WARN_OBJC_LITERAL_CONVERSION = YES;
				CLANG_WARN_OBJC_ROOT_CLASS = YES_ERROR;
				CLANG_WARN_QUOTED_INCLUDE_IN_FRAMEWORK_HEADER = YES;
				CLANG_WARN_RANGE_LOOP_ANALYSIS = YES;
				CLANG_WARN_STRICT_PROTOTYPES = YES;
				CLANG_WARN_SUSPICIOUS_MOVE = YES;
				CLANG_WARN_UNGUARDED_AVAILABILITY = YES_AGGRESSIVE;
				CLANG_WARN_UNREACHABLE_CODE = YES;
				CLANG_WARN__DUPLICATE_METHOD_MATCH = YES;
				COPY_PHASE_STRIP = NO;
				DEBUG_INFORMATION_FORMAT = "dwarf-with-dsym";
				ENABLE_NS_ASSERTIONS = NO;
				ENABLE_STRICT_OBJC_MSGSEND = YES;
				ENABLE_USER_SCRIPT_SANDBOXING = YES;
				GCC_C_LANGUAGE_STANDARD = gnu17;
				GCC_NO_COMMON_BLOCKS = YES;
				GCC_WARN_64_TO_32_BIT_CONVERSION = YES;
				GCC_WARN_ABOUT_RETURN_TYPE = YES_ERROR;
				GCC_WARN_UNDECLARED_SELECTOR = YES;
				GCC_WARN_UNINITIALIZED_AUTOS = YES_AGGRESSIVE;
				GCC_WARN_UNUSED_FUNCTION = YES;
				GCC_WARN_UNUSED_VARIABLE = YES;
				IPHONEOS_DEPLOYMENT_TARGET = 18.2;
				LOCALIZATION_PREFERS_STRING_CATALOGS = YES;
				MTL_ENABLE_DEBUG_INFO = NO;
				MTL_FAST_MATH = YES;
				SDKROOT = iphoneos;
				SWIFT_COMPILATION_MODE = wholemodule;
				VALIDATE_PRODUCT = YES;
			};
			name = Release;
		};
		CDC429562D93879F00DF5701 /* Debug */ = {
			isa = XCBuildConfiguration;
			buildSettings = {
				BUNDLE_LOADER = "$(TEST_HOST)";
				CODE_SIGN_STYLE = Automatic;
				CURRENT_PROJECT_VERSION = 1;
				GENERATE_INFOPLIST_FILE = YES;
				IPHONEOS_DEPLOYMENT_TARGET = 18.2;
				MARKETING_VERSION = 1.0;
				PRODUCT_BUNDLE_IDENTIFIER = ju0song.SampleUIkitTests;
				PRODUCT_NAME = "$(TARGET_NAME)";
				SWIFT_EMIT_LOC_STRINGS = NO;
				SWIFT_VERSION = 5.0;
				TARGETED_DEVICE_FAMILY = "1,2";
				TEST_HOST = "$(BUILT_PRODUCTS_DIR)/SampleUIkit.app/$(BUNDLE_EXECUTABLE_FOLDER_PATH)/SampleUIkit";
			};
			name = Debug;
		};
		CDC429572D93879F00DF5701 /* Release */ = {
			isa = XCBuildConfiguration;
			buildSettings = {
				BUNDLE_LOADER = "$(TEST_HOST)";
				CODE_SIGN_STYLE = Automatic;
				CURRENT_PROJECT_VERSION = 1;
				GENERATE_INFOPLIST_FILE = YES;
				IPHONEOS_DEPLOYMENT_TARGET = 18.2;
				MARKETING_VERSION = 1.0;
				PRODUCT_BUNDLE_IDENTIFIER = ju0song.SampleUIkitTests;
				PRODUCT_NAME = "$(TARGET_NAME)";
				SWIFT_EMIT_LOC_STRINGS = NO;
				SWIFT_VERSION = 5.0;
				TARGETED_DEVICE_FAMILY = "1,2";
				TEST_HOST = "$(BUILT_PRODUCTS_DIR)/SampleUIkit.app/$(BUNDLE_EXECUTABLE_FOLDER_PATH)/SampleUIkit";
			};
			name = Release;
		};
		CDC429592D93879F00DF5701 /* Debug */ = {
			isa = XCBuildConfiguration;
			buildSettings = {
				CODE_SIGN_STYLE = Automatic;
				CURRENT_PROJECT_VERSION = 1;
				GENERATE_INFOPLIST_FILE = YES;
				MARKETING_VERSION = 1.0;
				PRODUCT_BUNDLE_IDENTIFIER = ju0song.SampleUIkitUITests;
				PRODUCT_NAME = "$(TARGET_NAME)";
				SWIFT_EMIT_LOC_STRINGS = NO;
				SWIFT_VERSION = 5.0;
				TARGETED_DEVICE_FAMILY = "1,2";
				TEST_TARGET_NAME = SampleUIkit;
			};
			name = Debug;
		};
		CDC4295A2D93879F00DF5701 /* Release */ = {
			isa = XCBuildConfiguration;
			buildSettings = {
				CODE_SIGN_STYLE = Automatic;
				CURRENT_PROJECT_VERSION = 1;
				GENERATE_INFOPLIST_FILE = YES;
				MARKETING_VERSION = 1.0;
				PRODUCT_BUNDLE_IDENTIFIER = ju0song.SampleUIkitUITests;
				PRODUCT_NAME = "$(TARGET_NAME)";
				SWIFT_EMIT_LOC_STRINGS = NO;
				SWIFT_VERSION = 5.0;
				TARGETED_DEVICE_FAMILY = "1,2";
				TEST_TARGET_NAME = SampleUIkit;
			};
			name = Release;
		};
/* End XCBuildConfiguration section */

/* Begin XCConfigurationList section */
		CDC429222D93879E00DF5701 /* Build configuration list for PBXProject "SampleUIkit" */ = {
			isa = XCConfigurationList;
			buildConfigurations = (
				CDC429532D93879F00DF5701 /* Debug */,
				CDC429542D93879F00DF5701 /* Release */,
			);
			defaultConfigurationIsVisible = 0;
			defaultConfigurationName = Release;
		};
		CDC429502D93879F00DF5701 /* Build configuration list for PBXNativeTarget "SampleUIkit" */ = {
			isa = XCConfigurationList;
			buildConfigurations = (
				CDC429512D93879F00DF5701 /* Debug */,
				CDC429522D93879F00DF5701 /* Release */,
			);
			defaultConfigurationIsVisible = 0;
			defaultConfigurationName = Release;
		};
		CDC429552D93879F00DF5701 /* Build configuration list for PBXNativeTarget "SampleUIkitTests" */ = {
			isa = XCConfigurationList;
			buildConfigurations = (
				CDC429562D93879F00DF5701 /* Debug */,
				CDC429572D93879F00DF5701 /* Release */,
			);
			defaultConfigurationIsVisible = 0;
			defaultConfigurationName = Release;
		};
		CDC429582D93879F00DF5701 /* Build configuration list for PBXNativeTarget "SampleUIkitUITests" */ = {
			isa = XCConfigurationList;
			buildConfigurations = (
				CDC429592D93879F00DF5701 /* Debug */,
				CDC4295A2D93879F00DF5701 /* Release */,
			);
			defaultConfigurationIsVisible = 0;
			defaultConfigurationName = Release;
		};
/* End XCConfigurationList section */
	};
	rootObject = CDC4291F2D93879E00DF5701 /* Project object */;
}
